# auto-generated by grc.converter

id: pager_flex_sync
label: FLEX Synchronizer
category: '[Pager]'

inputs:
-   label: dibits
    domain: stream
    dtype: byte

outputs:
-   label: A
    domain: stream
    dtype: byte
-   label: B
    domain: stream
    dtype: byte
-   label: C
    domain: stream
    dtype: byte
-   label: D
    domain: stream
    dtype: byte

templates:
    imports: import pager
    make: pager.flex_sync()

file_format: 1
